
Microsoft Visual Studio Solution File, Format Version 12.00
# Visual Studio Version 17
VisualStudioVersion = 17.6.33723.286
MinimumVisualStudioVersion = 10.0.40219.1
Project("{FAE04EC0-301F-11D3-BF4B-00C04F79EFBC}") = "Method_Examples", "Method_Examples\Method_Examples.csproj", "{A3C110C4-4AA1-4452-B451-2568A4EA53AA}"
EndProject
Global
	GlobalSection(SolutionConfigurationPlatforms) = preSolution
		Debug|Any CPU = Debug|Any CPU
		Release|Any CPU = Release|Any CPU
	EndGlobalSection
	GlobalSection(ProjectConfigurationPlatforms) = postSolution
		{A3C110C4-4AA1-4452-B451-2568A4EA53AA}.Debug|Any CPU.ActiveCfg = Debug|Any CPU
		{A3C110C4-4AA1-4452-B451-2568A4EA53AA}.Debug|Any CPU.Build.0 = Debug|Any CPU
		{A3C110C4-4AA1-4452-B451-2568A4EA53AA}.Release|Any CPU.ActiveCfg = Release|Any CPU
		{A3C110C4-4AA1-4452-B451-2568A4EA53AA}.Release|Any CPU.Build.0 = Release|Any CPU
	EndGlobalSection
	GlobalSection(SolutionProperties) = preSolution
		HideSolutionNode = FALSE
	EndGlobalSection
	GlobalSection(ExtensibilityGlobals) = postSolution
		SolutionGuid = {6E4601AF-BEC8-4242-AACF-EAE6BF641D7A}
	EndGlobalSection
EndGlobal
